
Microsoft Visual Studio Solution File, Format Version 12.00
# Visual Studio Version 17
VisualStudioVersion = 17.14.35821.62 d17.14
MinimumVisualStudioVersion = 10.0.40219.1
Project("{FAE04EC0-301F-11D3-BF4B-00C04F79EFBC}") = "Ocak4.HaftaÖdev", "Ocak4.HaftaÖdev\Ocak4.HaftaÖdev.csproj", "{8ACC60F4-5604-4B78-AA11-47EF7E847EC3}"
EndProject
Global
	GlobalSection(SolutionConfigurationPlatforms) = preSolution
		Debug|Any CPU = Debug|Any CPU
		Release|Any CPU = Release|Any CPU
	EndGlobalSection
	GlobalSection(ProjectConfigurationPlatforms) = postSolution
		{8ACC60F4-5604-4B78-AA11-47EF7E847EC3}.Debug|Any CPU.ActiveCfg = Debug|Any CPU
		{8ACC60F4-5604-4B78-AA11-47EF7E847EC3}.Debug|Any CPU.Build.0 = Debug|Any CPU
		{8ACC60F4-5604-4B78-AA11-47EF7E847EC3}.Release|Any CPU.ActiveCfg = Release|Any CPU
		{8ACC60F4-5604-4B78-AA11-47EF7E847EC3}.Release|Any CPU.Build.0 = Release|Any CPU
	EndGlobalSection
	GlobalSection(SolutionProperties) = preSolution
		HideSolutionNode = FALSE
	EndGlobalSection
	GlobalSection(ExtensibilityGlobals) = postSolution
		SolutionGuid = {6BB05F12-7E7B-46C8-AFAA-CCE621FE3F06}
	EndGlobalSection
EndGlobal
