
Microsoft Visual Studio Solution File, Format Version 12.00
# Visual Studio Version 17
VisualStudioVersion = 17.14.35806.103 d17.14
MinimumVisualStudioVersion = 10.0.40219.1
Project("{FAE04EC0-301F-11D3-BF4B-00C04F79EFBC}") = "Ödev", "Ödev\Ödev.csproj", "{D650E41C-3681-49BA-82E2-34954664DB45}"
EndProject
Global
	GlobalSection(SolutionConfigurationPlatforms) = preSolution
		Debug|Any CPU = Debug|Any CPU
		Release|Any CPU = Release|Any CPU
	EndGlobalSection
	GlobalSection(ProjectConfigurationPlatforms) = postSolution
		{D650E41C-3681-49BA-82E2-34954664DB45}.Debug|Any CPU.ActiveCfg = Debug|Any CPU
		{D650E41C-3681-49BA-82E2-34954664DB45}.Debug|Any CPU.Build.0 = Debug|Any CPU
		{D650E41C-3681-49BA-82E2-34954664DB45}.Release|Any CPU.ActiveCfg = Release|Any CPU
		{D650E41C-3681-49BA-82E2-34954664DB45}.Release|Any CPU.Build.0 = Release|Any CPU
	EndGlobalSection
	GlobalSection(SolutionProperties) = preSolution
		HideSolutionNode = FALSE
	EndGlobalSection
	GlobalSection(ExtensibilityGlobals) = postSolution
		SolutionGuid = {8675893F-68EC-4EF8-BE46-068EB8EE54ED}
	EndGlobalSection
EndGlobal
